
Microsoft Visual Studio Solution File, Format Version 12.00
# Visual Studio 15
VisualStudioVersion = 15.0.28307.168
MinimumVisualStudioVersion = 10.0.40219.1
Project("{FAE04EC0-301F-11D3-BF4B-00C04F79EFBC}") = "FuzzySearch", "FuzzySearch\FuzzySearch.csproj", "{3B78A21D-9605-4F4A-A8F7-2CE94FF18D50}"
EndProject
Project("{FAE04EC0-301F-11D3-BF4B-00C04F79EFBC}") = "FuzzyMatchTest", "FuzzyMatchTest\FuzzyMatchTest.csproj", "{78F31FF3-71EA-43A0-B7A0-C9BFE7EDE5D8}"
EndProject
Global
	GlobalSection(SolutionConfigurationPlatforms) = preSolution
		Debug|Any CPU = Debug|Any CPU
		Release|Any CPU = Release|Any CPU
	EndGlobalSection
	GlobalSection(ProjectConfigurationPlatforms) = postSolution
		{3B78A21D-9605-4F4A-A8F7-2CE94FF18D50}.Debug|Any CPU.ActiveCfg = Debug|Any CPU
		{3B78A21D-9605-4F4A-A8F7-2CE94FF18D50}.Debug|Any CPU.Build.0 = Debug|Any CPU
		{3B78A21D-9605-4F4A-A8F7-2CE94FF18D50}.Release|Any CPU.ActiveCfg = Release|Any CPU
		{3B78A21D-9605-4F4A-A8F7-2CE94FF18D50}.Release|Any CPU.Build.0 = Release|Any CPU
		{78F31FF3-71EA-43A0-B7A0-C9BFE7EDE5D8}.Debug|Any CPU.ActiveCfg = Debug|Any CPU
		{78F31FF3-71EA-43A0-B7A0-C9BFE7EDE5D8}.Debug|Any CPU.Build.0 = Debug|Any CPU
		{78F31FF3-71EA-43A0-B7A0-C9BFE7EDE5D8}.Release|Any CPU.ActiveCfg = Release|Any CPU
		{78F31FF3-71EA-43A0-B7A0-C9BFE7EDE5D8}.Release|Any CPU.Build.0 = Release|Any CPU
	EndGlobalSection
	GlobalSection(SolutionProperties) = preSolution
		HideSolutionNode = FALSE
	EndGlobalSection
	GlobalSection(ExtensibilityGlobals) = postSolution
		SolutionGuid = {83D39E4F-C25C-47B0-B594-57F29121F3FD}
	EndGlobalSection
EndGlobal
